{
  "requires": true,
  "lockfileVersion": 1,
  "dependencies": {
    "@ministryofjustice/fb-components-core": {
      "version": "3.0.0-4",
      "resolved": "https://registry.npmjs.org/@ministryofjustice/fb-components-core/-/fb-components-core-3.0.0-4.tgz",
      "integrity": "sha512-hn7aWKW0hjg1INQi3IYWUdphCQmheC96z35pfKvqwjVyA7+XLzu9jt6x0UzyWjqkWD11ww6Fo0qTYX/Sy8gZ2Q==",
      "requires": {
        "govuk-frontend": "3.0.0"
      }
    },
    "govuk-frontend": {
      "version": "3.0.0",
      "resolved": "https://registry.npmjs.org/govuk-frontend/-/govuk-frontend-3.0.0.tgz",
      "integrity": "sha512-GCrEeaQZEnsthNtfmOUFlgsieNjHOeoamSWMdD4Gdq0RPxCA9uzfrT2i3jVnlBORekKjOL0C8eFZQBSNnjtz2A=="
    }
  }
}
